// !$*UTF8*$!
{
	archiveVersion = 1;
	classes = {
	};
	objectVersion = 56;
	objects = {

/* Begin PBXBuildFile section */
		60BC51092A9A36EC006C3C65 /* AppDelegate.swift in Sources */ = {isa = PBXBuildFile; fileRef = 60BC51082A9A36EC006C3C65 /* AppDelegate.swift */; };
		60BC510B2A9A36EC006C3C65 /* SceneDelegate.swift in Sources */ = {isa = PBXBuildFile; fileRef = 60BC510A2A9A36EC006C3C65 /* SceneDelegate.swift */; };
		60BC510D2A9A36EC006C3C65 /* ViewController.swift in Sources */ = {isa = PBXBuildFile; fileRef = 60BC510C2A9A36EC006C3C65 /* ViewController.swift */; };
		60BC51102A9A36EC006C3C65 /* Main.storyboard in Resources */ = {isa = PBXBuildFile; fileRef = 60BC510E2A9A36EC006C3C65 /* Main.storyboard */; };
		60BC51122A9A36EF006C3C65 /* Assets.xcassets in Resources */ = {isa = PBXBuildFile; fileRef = 60BC51112A9A36EF006C3C65 /* Assets.xcassets */; };
		60BC51152A9A36EF006C3C65 /* LaunchScreen.storyboard in Resources */ = {isa = PBXBuildFile; fileRef = 60BC51132A9A36EF006C3C65 /* LaunchScreen.storyboard */; };
		60BC51202A9A36EF006C3C65 /* CounterTests.swift in Sources */ = {isa = PBXBuildFile; fileRef = 60BC511F2A9A36EF006C3C65 /* CounterTests.swift */; };
		60BC512A2A9A36EF006C3C65 /* CounterUITests.swift in Sources */ = {isa = PBXBuildFile; fileRef = 60BC51292A9A36EF006C3C65 /* CounterUITests.swift */; };
		60BC512C2A9A36EF006C3C65 /* CounterUITestsLaunchTests.swift in Sources */ = {isa = PBXBuildFile; fileRef = 60BC512B2A9A36EF006C3C65 /* CounterUITestsLaunchTests.swift */; };
/* End PBXBuildFile section */

/* Begin PBXContainerItemProxy section */
		60BC511C2A9A36EF006C3C65 /* PBXContainerItemProxy */ = {
			isa = PBXContainerItemProxy;
			containerPortal = 60BC50FD2A9A36EC006C3C65 /* Project object */;
			proxyType = 1;
			remoteGlobalIDString = 60BC51042A9A36EC006C3C65;
			remoteInfo = Counter;
		};
		60BC51262A9A36EF006C3C65 /* PBXContainerItemProxy */ = {
			isa = PBXContainerItemProxy;
			containerPortal = 60BC50FD2A9A36EC006C3C65 /* Project object */;
			proxyType = 1;
			remoteGlobalIDString = 60BC51042A9A36EC006C3C65;
			remoteInfo = Counter;
		};
/* End PBXContainerItemProxy section */

/* Begin PBXFileReference section */
		60BC51052A9A36EC006C3C65 /* Counter.app */ = {isa = PBXFileReference; explicitFileType = wrapper.application; includeInIndex = 0; path = Counter.app; sourceTree = BUILT_PRODUCTS_DIR; };
		60BC51082A9A36EC006C3C65 /* AppDelegate.swift */ = {isa = PBXFileReference; lastKnownFileType = sourcecode.swift; path = AppDelegate.swift; sourceTree = "<group>"; };
		60BC510A2A9A36EC006C3C65 /* SceneDelegate.swift */ = {isa = PBXFileReference; lastKnownFileType = sourcecode.swift; path = SceneDelegate.swift; sourceTree = "<group>"; };
		60BC510C2A9A36EC006C3C65 /* ViewController.swift */ = {isa = PBXFileReference; lastKnownFileType = sourcecode.swift; path = ViewController.swift; sourceTree = "<group>"; };
		60BC510F2A9A36EC006C3C65 /* Base */ = {isa = PBXFileReference; lastKnownFileType = file.storyboard; name = Base; path = Base.lproj/Main.storyboard; sourceTree = "<group>"; };
		60BC51112A9A36EF006C3C65 /* Assets.xcassets */ = {isa = PBXFileReference; lastKnownFileType = folder.assetcatalog; path = Assets.xcassets; sourceTree = "<group>"; };
		60BC51142A9A36EF006C3C65 /* Base */ = {isa = PBXFileReference; lastKnownFileType = file.storyboard; name = Base; path = Base.lproj/LaunchScreen.storyboard; sourceTree = "<group>"; };
		60BC51162A9A36EF006C3C65 /* Info.plist */ = {isa = PBXFileReference; lastKnownFileType = text.plist.xml; path = Info.plist; sourceTree = "<group>"; };
		60BC511B2A9A36EF006C3C65 /* CounterTests.xctest */ = {isa = PBXFileReference; explicitFileType = wrapper.cfbundle; includeInIndex = 0; path = CounterTests.xctest; sourceTree = BUILT_PRODUCTS_DIR; };
		60BC511F2A9A36EF006C3C65 /* CounterTests.swift */ = {isa = PBXFileReference; lastKnownFileType = sourcecode.swift; path = CounterTests.swift; sourceTree = "<group>"; };
		60BC51252A9A36EF006C3C65 /* CounterUITests.xctest */ = {isa = PBXFileReference; explicitFileType = wrapper.cfbundle; includeInIndex = 0; path = CounterUITests.xctest; sourceTree = BUILT_PRODUCTS_DIR; };
		60BC51292A9A36EF006C3C65 /* CounterUITests.swift */ = {isa = PBXFileReference; lastKnownFileType = sourcecode.swift; path = CounterUITests.swift; sourceTree = "<group>"; };
		60BC512B2A9A36EF006C3C65 /* CounterUITestsLaunchTests.swift */ = {isa = PBXFileReference; lastKnownFileType = sourcecode.swift; path = CounterUITestsLaunchTests.swift; sourceTree = "<group>"; };
/* End PBXFileReference section */

/* Begin PBXFrameworksBuildPhase section */
		60BC51022A9A36EC006C3C65 /* Frameworks */ = {
			isa = PBXFrameworksBuildPhase;
			buildActionMask = 2147483647;
			files = (
			);
			runOnlyForDeploymentPostprocessing = 0;
		};
		60BC51182A9A36EF006C3C65 /* Frameworks */ = {
			isa = PBXFrameworksBuildPhase;
			buildActionMask = 2147483647;
			files = (
			);
			runOnlyForDeploymentPostprocessing = 0;
		};
		60BC51222A9A36EF006C3C65 /* Frameworks */ = {
			isa = PBXFrameworksBuildPhase;
			buildActionMask = 2147483647;
			files = (
			);
			runOnlyForDeploymentPostprocessing = 0;
		};
/* End PBXFrameworksBuildPhase section */

/* Begin PBXGroup section */
		60BC50FC2A9A36EC006C3C65 = {
			isa = PBXGroup;
			children = (
				60BC51072A9A36EC006C3C65 /* Counter */,
				60BC511E2A9A36EF006C3C65 /* CounterTests */,
				60BC51282A9A36EF006C3C65 /* CounterUITests */,
				60BC51062A9A36EC006C3C65 /* Products */,
			);
			sourceTree = "<group>";
		};
		60BC51062A9A36EC006C3C65 /* Products */ = {
			isa = PBXGroup;
			children = (
				60BC51052A9A36EC006C3C65 /* Counter.app */,
				60BC511B2A9A36EF006C3C65 /* CounterTests.xctest */,
				60BC51252A9A36EF006C3C65 /* CounterUITests.xctest */,
			);
			name = Products;
			sourceTree = "<group>";
		};
		60BC51072A9A36EC006C3C65 /* Counter */ = {
			isa = PBXGroup;
			children = (
				60BC51082A9A36EC006C3C65 /* AppDelegate.swift */,
				60BC510A2A9A36EC006C3C65 /* SceneDelegate.swift */,
				60BC510C2A9A36EC006C3C65 /* ViewController.swift */,
				60BC510E2A9A36EC006C3C65 /* Main.storyboard */,
				60BC51112A9A36EF006C3C65 /* Assets.xcassets */,
				60BC51132A9A36EF006C3C65 /* LaunchScreen.storyboard */,
				60BC51162A9A36EF006C3C65 /* Info.plist */,
			);
			path = Counter;
			sourceTree = "<group>";
		};
		60BC511E2A9A36EF006C3C65 /* CounterTests */ = {
			isa = PBXGroup;
			children = (
				60BC511F2A9A36EF006C3C65 /* CounterTests.swift */,
			);
			path = CounterTests;
			sourceTree = "<group>";
		};
		60BC51282A9A36EF006C3C65 /* CounterUITests */ = {
			isa = PBXGroup;
			children = (
				60BC51292A9A36EF006C3C65 /* CounterUITests.swift */,
				60BC512B2A9A36EF006C3C65 /* CounterUITestsLaunchTests.swift */,
			);
			path = CounterUITests;
			sourceTree = "<group>";
		};
/* End PBXGroup section */

/* Begin PBXNativeTarget section */
		60BC51042A9A36EC006C3C65 /* Counter */ = {
			isa = PBXNativeTarget;
			buildConfigurationList = 60BC512F2A9A36EF006C3C65 /* Build configuration list for PBXNativeTarget "Counter" */;
			buildPhases = (
				60BC51012A9A36EC006C3C65 /* Sources */,
				60BC51022A9A36EC006C3C65 /* Frameworks */,
				60BC51032A9A36EC006C3C65 /* Resources */,
			);
			buildRules = (
			);
			dependencies = (
			);
			name = Counter;
			productName = Counter;
			productReference = 60BC51052A9A36EC006C3C65 /* Counter.app */;
			productType = "com.apple.product-type.application";
		};
		60BC511A2A9A36EF006C3C65 /* CounterTests */ = {
			isa = PBXNativeTarget;
			buildConfigurationList = 60BC51322A9A36EF006C3C65 /* Build configuration list for PBXNativeTarget "CounterTests" */;
			buildPhases = (
				60BC51172A9A36EF006C3C65 /* Sources */,
				60BC51182A9A36EF006C3C65 /* Frameworks */,
				60BC51192A9A36EF006C3C65 /* Resources */,
			);
			buildRules = (
			);
			dependencies = (
				60BC511D2A9A36EF006C3C65 /* PBXTargetDependency */,
			);
			name = CounterTests;
			productName = CounterTests;
			productReference = 60BC511B2A9A36EF006C3C65 /* CounterTests.xctest */;
			productType = "com.apple.product-type.bundle.unit-test";
		};
		60BC51242A9A36EF006C3C65 /* CounterUITests */ = {
			isa = PBXNativeTarget;
			buildConfigurationList = 60BC51352A9A36EF006C3C65 /* Build configuration list for PBXNativeTarget "CounterUITests" */;
			buildPhases = (
				60BC51212A9A36EF006C3C65 /* Sources */,
				60BC51222A9A36EF006C3C65 /* Frameworks */,
				60BC51232A9A36EF006C3C65 /* Resources */,
			);
			buildRules = (
			);
			dependencies = (
				60BC51272A9A36EF006C3C65 /* PBXTargetDependency */,
			);
			name = CounterUITests;
			productName = CounterUITests;
			productReference = 60BC51252A9A36EF006C3C65 /* CounterUITests.xctest */;
			productType = "com.apple.product-type.bundle.ui-testing";
		};
/* End PBXNativeTarget section */

/* Begin PBXProject section */
		60BC50FD2A9A36EC006C3C65 /* Project object */ = {
			isa = PBXProject;
			attributes = {
				BuildIndependentTargetsInParallel = 1;
				LastSwiftUpdateCheck = 1430;
				LastUpgradeCheck = 1430;
				TargetAttributes = {
					60BC51042A9A36EC006C3C65 = {
						CreatedOnToolsVersion = 14.3.1;
					};
					60BC511A2A9A36EF006C3C65 = {
						CreatedOnToolsVersion = 14.3.1;
						TestTargetID = 60BC51042A9A36EC006C3C65;
					};
					60BC51242A9A36EF006C3C65 = {
						CreatedOnToolsVersion = 14.3.1;
						TestTargetID = 60BC51042A9A36EC006C3C65;
					};
				};
			};
			buildConfigurationList = 60BC51002A9A36EC006C3C65 /* Build configuration list for PBXProject "Counter" */;
			compatibilityVersion = "Xcode 14.0";
			developmentRegion = en;
			hasScannedForEncodings = 0;
			knownRegions = (
				en,
				Base,
			);
			mainGroup = 60BC50FC2A9A36EC006C3C65;
			productRefGroup = 60BC51062A9A36EC006C3C65 /* Products */;
			projectDirPath = "";
			projectRoot = "";
			targets = (
				60BC51042A9A36EC006C3C65 /* Counter */,
				60BC511A2A9A36EF006C3C65 /* CounterTests */,
				60BC51242A9A36EF006C3C65 /* CounterUITests */,
			);
		};
/* End PBXProject section */

/* Begin PBXResourcesBuildPhase section */
		60BC51032A9A36EC006C3C65 /* Resources */ = {
			isa = PBXResourcesBuildPhase;
			buildActionMask = 2147483647;
			files = (
				60BC51152A9A36EF006C3C65 /* LaunchScreen.storyboard in Resources */,
				60BC51122A9A36EF006C3C65 /* Assets.xcassets in Resources */,
				60BC51102A9A36EC006C3C65 /* Main.storyboard in Resources */,
			);
			runOnlyForDeploymentPostprocessing = 0;
		};
		60BC51192A9A36EF006C3C65 /* Resources */ = {
			isa = PBXResourcesBuildPhase;
			buildActionMask = 2147483647;
			files = (
			);
			runOnlyForDeploymentPostprocessing = 0;
		};
		60BC51232A9A36EF006C3C65 /* Resources */ = {
			isa = PBXResourcesBuildPhase;
			buildActionMask = 2147483647;
			files = (
			);
			runOnlyForDeploymentPostprocessing = 0;
		};
/* End PBXResourcesBuildPhase section */

/* Begin PBXSourcesBuildPhase section */
		60BC51012A9A36EC006C3C65 /* Sources */ = {
			isa = PBXSourcesBuildPhase;
			buildActionMask = 2147483647;
			files = (
				60BC510D2A9A36EC006C3C65 /* ViewController.swift in Sources */,
				60BC51092A9A36EC006C3C65 /* AppDelegate.swift in Sources */,
				60BC510B2A9A36EC006C3C65 /* SceneDelegate.swift in Sources */,
			);
			runOnlyForDeploymentPostprocessing = 0;
		};
		60BC51172A9A36EF006C3C65 /* Sources */ = {
			isa = PBXSourcesBuildPhase;
			buildActionMask = 2147483647;
			files = (
				60BC51202A9A36EF006C3C65 /* CounterTests.swift in Sources */,
			);
			runOnlyForDeploymentPostprocessing = 0;
		};
		60BC51212A9A36EF006C3C65 /* Sources */ = {
			isa = PBXSourcesBuildPhase;
			buildActionMask = 2147483647;
			files = (
				60BC512A2A9A36EF006C3C65 /* CounterUITests.swift in Sources */,
				60BC512C2A9A36EF006C3C65 /* CounterUITestsLaunchTests.swift in Sources */,
			);
			runOnlyForDeploymentPostprocessing = 0;
		};
/* End PBXSourcesBuildPhase section */

/* Begin PBXTargetDependency section */
		60BC511D2A9A36EF006C3C65 /* PBXTargetDependency */ = {
			isa = PBXTargetDependency;
			target = 60BC51042A9A36EC006C3C65 /* Counter */;
			targetProxy = 60BC511C2A9A36EF006C3C65 /* PBXContainerItemProxy */;
		};
		60BC51272A9A36EF006C3C65 /* PBXTargetDependency */ = {
			isa = PBXTargetDependency;
			target = 60BC51042A9A36EC006C3C65 /* Counter */;
			targetProxy = 60BC51262A9A36EF006C3C65 /* PBXContainerItemProxy */;
		};
/* End PBXTargetDependency section */

/* Begin PBXVariantGroup section */
		60BC510E2A9A36EC006C3C65 /* Main.storyboard */ = {
			isa = PBXVariantGroup;
			children = (
				60BC510F2A9A36EC006C3C65 /* Base */,
			);
			name = Main.storyboard;
			sourceTree = "<group>";
		};
		60BC51132A9A36EF006C3C65 /* LaunchScreen.storyboard */ = {
			isa = PBXVariantGroup;
			children = (
				60BC51142A9A36EF006C3C65 /* Base */,
			);
			name = LaunchScreen.storyboard;
			sourceTree = "<group>";
		};
/* End PBXVariantGroup section */

/* Begin XCBuildConfiguration section */
		60BC512D2A9A36EF006C3C65 /* Debug */ = {
			isa = XCBuildConfiguration;
			buildSettings = {
				ALWAYS_SEARCH_USER_PATHS = NO;
				CLANG_ANALYZER_NONNULL = YES;
				CLANG_ANALYZER_NUMBER_OBJECT_CONVERSION = YES_AGGRESSIVE;
				CLANG_CXX_LANGUAGE_STANDARD = "gnu++20";
				CLANG_ENABLE_MODULES = YES;
				CLANG_ENABLE_OBJC_ARC = YES;
				CLANG_ENABLE_OBJC_WEAK = YES;
				CLANG_WARN_BLOCK_CAPTURE_AUTORELEASING = YES;
				CLANG_WARN_BOOL_CONVERSION = YES;
				CLANG_WARN_COMMA = YES;
				CLANG_WARN_CONSTANT_CONVERSION = YES;
				CLANG_WARN_DEPRECATED_OBJC_IMPLEMENTATIONS = YES;
				CLANG_WARN_DIRECT_OBJC_ISA_USAGE = YES_ERROR;
				CLANG_WARN_DOCUMENTATION_COMMENTS = YES;
				CLANG_WARN_EMPTY_BODY = YES;
				CLANG_WARN_ENUM_CONVERSION = YES;
				CLANG_WARN_INFINITE_RECURSION = YES;
				CLANG_WARN_INT_CONVERSION = YES;
				CLANG_WARN_NON_LITERAL_NULL_CONVERSION = YES;
				CLANG_WARN_OBJC_IMPLICIT_RETAIN_SELF = YES;
				CLANG_WARN_OBJC_LITERAL_CONVERSION = YES;
				CLANG_WARN_OBJC_ROOT_CLASS = YES_ERROR;
				CLANG_WARN_QUOTED_INCLUDE_IN_FRAMEWORK_HEADER = YES;
				CLANG_WARN_RANGE_LOOP_ANALYSIS = YES;
				CLANG_WARN_STRICT_PROTOTYPES = YES;
				CLANG_WARN_SUSPICIOUS_MOVE = YES;
				CLANG_WARN_UNGUARDED_AVAILABILITY = YES_AGGRESSIVE;
				CLANG_WARN_UNREACHABLE_CODE = YES;
				CLANG_WARN__DUPLICATE_METHOD_MATCH = YES;
				COPY_PHASE_STRIP = NO;
				DEBUG_INFORMATION_FORMAT = dwarf;
				ENABLE_STRICT_OBJC_MSGSEND = YES;
				ENABLE_TESTABILITY = YES;
				GCC_C_LANGUAGE_STANDARD = gnu11;
				GCC_DYNAMIC_NO_PIC = NO;
				GCC_NO_COMMON_BLOCKS = YES;
				GCC_OPTIMIZATION_LEVEL = 0;
				GCC_PREPROCESSOR_DEFINITIONS = (
					"DEBUG=1",
					"$(inherited)",
				);
				GCC_WARN_64_TO_32_BIT_CONVERSION = YES;
				GCC_WARN_ABOUT_RETURN_TYPE = YES_ERROR;
				GCC_WARN_UNDECLARED_SELECTOR = YES;
				GCC_WARN_UNINITIALIZED_AUTOS = YES_AGGRESSIVE;
				GCC_WARN_UNUSED_FUNCTION = YES;
				GCC_WARN_UNUSED_VARIABLE = YES;
				IPHONEOS_DEPLOYMENT_TARGET = 16.4;
				MTL_ENABLE_DEBUG_INFO = INCLUDE_SOURCE;
				MTL_FAST_MATH = YES;
				ONLY_ACTIVE_ARCH = YES;
				SDKROOT = iphoneos;
				SWIFT_ACTIVE_COMPILATION_CONDITIONS = DEBUG;
				SWIFT_OPTIMIZATION_LEVEL = "-Onone";
			};
			name = Debug;
		};
		60BC512E2A9A36EF006C3C65 /* Release */ = {
			isa = XCBuildConfiguration;
			buildSettings = {
				ALWAYS_SEARCH_USER_PATHS = NO;
				CLANG_ANALYZER_NONNULL = YES;
				CLANG_ANALYZER_NUMBER_OBJECT_CONVERSION = YES_AGGRESSIVE;
				CLANG_CXX_LANGUAGE_STANDARD = "gnu++20";
				CLANG_ENABLE_MODULES = YES;
				CLANG_ENABLE_OBJC_ARC = YES;
				CLANG_ENABLE_OBJC_WEAK = YES;
				CLANG_WARN_BLOCK_CAPTURE_AUTORELEASING = YES;
				CLANG_WARN_BOOL_CONVERSION = YES;
				CLANG_WARN_COMMA = YES;
				CLANG_WARN_CONSTANT_CONVERSION = YES;
				CLANG_WARN_DEPRECATED_OBJC_IMPLEMENTATIONS = YES;
				CLANG_WARN_DIRECT_OBJC_ISA_USAGE = YES_ERROR;
				CLANG_WARN_DOCUMENTATION_COMMENTS = YES;
				CLANG_WARN_EMPTY_BODY = YES;
				CLANG_WARN_ENUM_CONVERSION = YES;
				CLANG_WARN_INFINITE_RECURSION = YES;
				CLANG_WARN_INT_CONVERSION = YES;
				CLANG_WARN_NON_LITERAL_NULL_CONVERSION = YES;
				CLANG_WARN_OBJC_IMPLICIT_RETAIN_SELF = YES;
				CLANG_WARN_OBJC_LITERAL_CONVERSION = YES;
				CLANG_WARN_OBJC_ROOT_CLASS = YES_ERROR;
				CLANG_WARN_QUOTED_INCLUDE_IN_FRAMEWORK_HEADER = YES;
				CLANG_WARN_RANGE_LOOP_ANALYSIS = YES;
				CLANG_WARN_STRICT_PROTOTYPES = YES;
				CLANG_WARN_SUSPICIOUS_MOVE = YES;
				CLANG_WARN_UNGUARDED_AVAILABILITY = YES_AGGRESSIVE;
				CLANG_WARN_UNREACHABLE_CODE = YES;
				CLANG_WARN__DUPLICATE_METHOD_MATCH = YES;
				COPY_PHASE_STRIP = NO;
				DEBUG_INFORMATION_FORMAT = "dwarf-with-dsym";
				ENABLE_NS_ASSERTIONS = NO;
				ENABLE_STRICT_OBJC_MSGSEND = YES;
				GCC_C_LANGUAGE_STANDARD = gnu11;
				GCC_NO_COMMON_BLOCKS = YES;
				GCC_WARN_64_TO_32_BIT_CONVERSION = YES;
				GCC_WARN_ABOUT_RETURN_TYPE = YES_ERROR;
				GCC_WARN_UNDECLARED_SELECTOR = YES;
				GCC_WARN_UNINITIALIZED_AUTOS = YES_AGGRESSIVE;
				GCC_WARN_UNUSED_FUNCTION = YES;
				GCC_WARN_UNUSED_VARIABLE = YES;
				IPHONEOS_DEPLOYMENT_TARGET = 16.4;
				MTL_ENABLE_DEBUG_INFO = NO;
				MTL_FAST_MATH = YES;
				SDKROOT = iphoneos;
				SWIFT_COMPILATION_MODE = wholemodule;
				SWIFT_OPTIMIZATION_LEVEL = "-O";
				VALIDATE_PRODUCT = YES;
			};
			name = Release;
		};
		60BC51302A9A36EF006C3C65 /* Debug */ = {
			isa = XCBuildConfiguration;
			buildSettings = {
				ASSETCATALOG_COMPILER_APPICON_NAME = AppIcon;
				ASSETCATALOG_COMPILER_GLOBAL_ACCENT_COLOR_NAME = AccentColor;
				CODE_SIGN_STYLE = Automatic;
				CURRENT_PROJECT_VERSION = 1;
				GENERATE_INFOPLIST_FILE = YES;
				INFOPLIST_FILE = Counter/Info.plist;
				INFOPLIST_KEY_UIApplicationSupportsIndirectInputEvents = YES;
				INFOPLIST_KEY_UILaunchStoryboardName = LaunchScreen;
				INFOPLIST_KEY_UIMainStoryboardFile = Main;
				INFOPLIST_KEY_UISupportedInterfaceOrientations_iPad = "UIInterfaceOrientationPortrait UIInterfaceOrientationPortraitUpsideDown UIInterfaceOrientationLandscapeLeft UIInterfaceOrientationLandscapeRight";
				INFOPLIST_KEY_UISupportedInterfaceOrientations_iPhone = "UIInterfaceOrientationPortrait UIInterfaceOrientationLandscapeLeft UIInterfaceOrientationLandscapeRight";
				LD_RUNPATH_SEARCH_PATHS = (
					"$(inherited)",
					"@executable_path/Frameworks",
				);
				MARKETING_VERSION = 1.0;
				PRODUCT_BUNDLE_IDENTIFIER = test.Counter;
				PRODUCT_NAME = "$(TARGET_NAME)";
				SWIFT_EMIT_LOC_STRINGS = YES;
				SWIFT_VERSION = 5.0;
				TARGETED_DEVICE_FAMILY = "1,2";
			};
			name = Debug;
		};
		60BC51312A9A36EF006C3C65 /* Release */ = {
			isa = XCBuildConfiguration;
			buildSettings = {
				ASSETCATALOG_COMPILER_APPICON_NAME = AppIcon;
				ASSETCATALOG_COMPILER_GLOBAL_ACCENT_COLOR_NAME = AccentColor;
				CODE_SIGN_STYLE = Automatic;
				CURRENT_PROJECT_VERSION = 1;
				GENERATE_INFOPLIST_FILE = YES;
				INFOPLIST_FILE = Counter/Info.plist;
				INFOPLIST_KEY_UIApplicationSupportsIndirectInputEvents = YES;
				INFOPLIST_KEY_UILaunchStoryboardName = LaunchScreen;
				INFOPLIST_KEY_UIMainStoryboardFile = Main;
				INFOPLIST_KEY_UISupportedInterfaceOrientations_iPad = "UIInterfaceOrientationPortrait UIInterfaceOrientationPortraitUpsideDown UIInterfaceOrientationLandscapeLeft UIInterfaceOrientationLandscapeRight";
				INFOPLIST_KEY_UISupportedInterfaceOrientations_iPhone = "UIInterfaceOrientationPortrait UIInterfaceOrientationLandscapeLeft UIInterfaceOrientationLandscapeRight";
				LD_RUNPATH_SEARCH_PATHS = (
					"$(inherited)",
					"@executable_path/Frameworks",
				);
				MARKETING_VERSION = 1.0;
				PRODUCT_BUNDLE_IDENTIFIER = test.Counter;
				PRODUCT_NAME = "$(TARGET_NAME)";
				SWIFT_EMIT_LOC_STRINGS = YES;
				SWIFT_VERSION = 5.0;
				TARGETED_DEVICE_FAMILY = "1,2";
			};
			name = Release;
		};
		60BC51332A9A36EF006C3C65 /* Debug */ = {
			isa = XCBuildConfiguration;
			buildSettings = {
				ALWAYS_EMBED_SWIFT_STANDARD_LIBRARIES = YES;
				BUNDLE_LOADER = "$(TEST_HOST)";
				CODE_SIGN_STYLE = Automatic;
				CURRENT_PROJECT_VERSION = 1;
				GENERATE_INFOPLIST_FILE = YES;
				IPHONEOS_DEPLOYMENT_TARGET = 16.4;
				MARKETING_VERSION = 1.0;
				PRODUCT_BUNDLE_IDENTIFIER = test.CounterTests;
				PRODUCT_NAME = "$(TARGET_NAME)";
				SWIFT_EMIT_LOC_STRINGS = NO;
				SWIFT_VERSION = 5.0;
				TARGETED_DEVICE_FAMILY = "1,2";
				TEST_HOST = "$(BUILT_PRODUCTS_DIR)/Counter.app/$(BUNDLE_EXECUTABLE_FOLDER_PATH)/Counter";
			};
			name = Debug;
		};
		60BC51342A9A36EF006C3C65 /* Release */ = {
			isa = XCBuildConfiguration;
			buildSettings = {
				ALWAYS_EMBED_SWIFT_STANDARD_LIBRARIES = YES;
				BUNDLE_LOADER = "$(TEST_HOST)";
				CODE_SIGN_STYLE = Automatic;
				CURRENT_PROJECT_VERSION = 1;
				GENERATE_INFOPLIST_FILE = YES;
				IPHONEOS_DEPLOYMENT_TARGET = 16.4;
				MARKETING_VERSION = 1.0;
				PRODUCT_BUNDLE_IDENTIFIER = test.CounterTests;
				PRODUCT_NAME = "$(TARGET_NAME)";
				SWIFT_EMIT_LOC_STRINGS = NO;
				SWIFT_VERSION = 5.0;
				TARGETED_DEVICE_FAMILY = "1,2";
				TEST_HOST = "$(BUILT_PRODUCTS_DIR)/Counter.app/$(BUNDLE_EXECUTABLE_FOLDER_PATH)/Counter";
			};
			name = Release;
		};
		60BC51362A9A36EF006C3C65 /* Debug */ = {
			isa = XCBuildConfiguration;
			buildSettings = {
				ALWAYS_EMBED_SWIFT_STANDARD_LIBRARIES = YES;
				CODE_SIGN_STYLE = Automatic;
				CURRENT_PROJECT_VERSION = 1;
				GENERATE_INFOPLIST_FILE = YES;
				MARKETING_VERSION = 1.0;
				PRODUCT_BUNDLE_IDENTIFIER = test.CounterUITests;
				PRODUCT_NAME = "$(TARGET_NAME)";
				SWIFT_EMIT_LOC_STRINGS = NO;
				SWIFT_VERSION = 5.0;
				TARGETED_DEVICE_FAMILY = "1,2";
				TEST_TARGET_NAME = Counter;
			};
			name = Debug;
		};
		60BC51372A9A36EF006C3C65 /* Release */ = {
			isa = XCBuildConfiguration;
			buildSettings = {
				ALWAYS_EMBED_SWIFT_STANDARD_LIBRARIES = YES;
				CODE_SIGN_STYLE = Automatic;
				CURRENT_PROJECT_VERSION = 1;
				GENERATE_INFOPLIST_FILE = YES;
				MARKETING_VERSION = 1.0;
				PRODUCT_BUNDLE_IDENTIFIER = test.CounterUITests;
				PRODUCT_NAME = "$(TARGET_NAME)";
				SWIFT_EMIT_LOC_STRINGS = NO;
				SWIFT_VERSION = 5.0;
				TARGETED_DEVICE_FAMILY = "1,2";
				TEST_TARGET_NAME = Counter;
			};
			name = Release;
		};
/* End XCBuildConfiguration section */

/* Begin XCConfigurationList section */
		60BC51002A9A36EC006C3C65 /* Build configuration list for PBXProject "Counter" */ = {
			isa = XCConfigurationList;
			buildConfigurations = (
				60BC512D2A9A36EF006C3C65 /* Debug */,
				60BC512E2A9A36EF006C3C65 /* Release */,
			);
			defaultConfigurationIsVisible = 0;
			defaultConfigurationName = Release;
		};
		60BC512F2A9A36EF006C3C65 /* Build configuration list for PBXNativeTarget "Counter" */ = {
			isa = XCConfigurationList;
			buildConfigurations = (
				60BC51302A9A36EF006C3C65 /* Debug */,
				60BC51312A9A36EF006C3C65 /* Release */,
			);
			defaultConfigurationIsVisible = 0;
			defaultConfigurationName = Release;
		};
		60BC51322A9A36EF006C3C65 /* Build configuration list for PBXNativeTarget "CounterTests" */ = {
			isa = XCConfigurationList;
			buildConfigurations = (
				60BC51332A9A36EF006C3C65 /* Debug */,
				60BC51342A9A36EF006C3C65 /* Release */,
			);
			defaultConfigurationIsVisible = 0;
			defaultConfigurationName = Release;
		};
		60BC51352A9A36EF006C3C65 /* Build configuration list for PBXNativeTarget "CounterUITests" */ = {
			isa = XCConfigurationList;
			buildConfigurations = (
				60BC51362A9A36EF006C3C65 /* Debug */,
				60BC51372A9A36EF006C3C65 /* Release */,
			);
			defaultConfigurationIsVisible = 0;
			defaultConfigurationName = Release;
		};
/* End XCConfigurationList section */
	};
	rootObject = 60BC50FD2A9A36EC006C3C65 /* Project object */;
}
